
Microsoft Visual Studio Solution File, Format Version 12.00
# Visual Studio 15
VisualStudioVersion = 15.0.28307.779
MinimumVisualStudioVersion = 10.0.40219.1
Project("{FAE04EC0-301F-11D3-BF4B-00C04F79EFBC}") = "ThermalInsulationBag", "ThermalInsulationBag\ThermalInsulationBag.csproj", "{C8A324BA-3D79-413A-AE94-DBB755CE67FD}"
EndProject
Global
	GlobalSection(SolutionConfigurationPlatforms) = preSolution
		Debug|Any CPU = Debug|Any CPU
		Release|Any CPU = Release|Any CPU
	EndGlobalSection
	GlobalSection(ProjectConfigurationPlatforms) = postSolution
		{C8A324BA-3D79-413A-AE94-DBB755CE67FD}.Debug|Any CPU.ActiveCfg = Debug|Any CPU
		{C8A324BA-3D79-413A-AE94-DBB755CE67FD}.Debug|Any CPU.Build.0 = Debug|Any CPU
		{C8A324BA-3D79-413A-AE94-DBB755CE67FD}.Release|Any CPU.ActiveCfg = Release|Any CPU
		{C8A324BA-3D79-413A-AE94-DBB755CE67FD}.Release|Any CPU.Build.0 = Release|Any CPU
	EndGlobalSection
	GlobalSection(SolutionProperties) = preSolution
		HideSolutionNode = FALSE
	EndGlobalSection
	GlobalSection(ExtensibilityGlobals) = postSolution
		SolutionGuid = {FD771EE2-3F7A-495D-B2A7-06250F2CF063}
	EndGlobalSection
EndGlobal
